github.com/chribro88/goproxy/ext v0.0.0-20230509112624-aaec24add3de h1:LfWng48/Lcmc5bgjnCaue0MHoQER4LqQUM6NbqYOQG4=
github.com/chribro88/goproxy/ext v0.0.0-20230509112624-aaec24add3de/go.mod h1:oAuKTPWOQ7/29TP7x0+kSRC0MA/FUqwLGL10zPf5sW8=
github.com/rogpeppe/go-charset v0.0.0-20180617210344-2471d30d28b4/go.mod h1:qgYeAmZ5ZIpBWTGllZSQnw97Dj+woV0toclVaRGI8pc=
